<?xml version="1.0" encoding="utf-8"?>
<Project ToolsVersion="18.0" xmlns="http://schemas.microsoft.com/developer/msbuild/2003">
  <ItemGroup>
    <ClCompile Include="D:\dev\boost\libs\type_erasure\src\dynamic_binding.cpp">
      <Filter>Source Files</Filter>
    </ClCompile>
  </ItemGroup>
  <ItemGroup>
    <CustomBuild Include="D:\dev\boost\libs\type_erasure\CMakeLists.txt" />
  </ItemGroup>
  <ItemGroup>
    <Natvis Include="D:\dev\boost\libs\assert\extra\boost_assert.natvis" />
    <Natvis Include="D:\dev\boost\libs\unordered\extra\boost_unordered.natvis" />
  </ItemGroup>
  <ItemGroup>
    <Filter Include="Source Files">
      <UniqueIdentifier>{CB3EC703-03C0-3D52-996D-1BC2C2B45D6F}</UniqueIdentifier>
    </Filter>
  </ItemGroup>
</Project>
