<?xml version="1.0" encoding="utf-8"?>
<Project ToolsVersion="18.0" xmlns="http://schemas.microsoft.com/developer/msbuild/2003">
  <ItemGroup>
    <CustomBuild Include="D:\dev\boost\libs\variant2\CMakeLists.txt" />
  </ItemGroup>
  <ItemGroup>
    <Natvis Include="D:\dev\boost\libs\variant2\extra\boost_variant2.natvis" />
  </ItemGroup>
  <ItemGroup>
    <None Include="D:\dev\boost\libs\variant2\include\boost\variant2.hpp">
      <Filter>Header Files\boost</Filter>
    </None>
    <None Include="D:\dev\boost\libs\variant2\include\boost\variant2\variant.hpp">
      <Filter>Header Files\boost\variant2</Filter>
    </None>
  </ItemGroup>
  <ItemGroup>
    <Filter Include="Header Files">
      <UniqueIdentifier>{7FE43737-F9D4-3975-8126-3399E573865F}</UniqueIdentifier>
    </Filter>
    <Filter Include="Header Files\boost">
      <UniqueIdentifier>{EE4BFE6C-5034-36B7-8FC6-2DBD93389A57}</UniqueIdentifier>
    </Filter>
    <Filter Include="Header Files\boost\variant2">
      <UniqueIdentifier>{F06B5063-4A46-33B0-BC5E-0FB17DF2D5C3}</UniqueIdentifier>
    </Filter>
  </ItemGroup>
</Project>
