<?xml version="1.0" encoding="utf-8"?>
<Project ToolsVersion="18.0" xmlns="http://schemas.microsoft.com/developer/msbuild/2003">
  <ItemGroup>
    <ClCompile Include="D:\dev\boost\libs\serialization\src\basic_text_wiprimitive.cpp">
      <Filter>Source Files</Filter>
    </ClCompile>
    <ClCompile Include="D:\dev\boost\libs\serialization\src\basic_text_woprimitive.cpp">
      <Filter>Source Files</Filter>
    </ClCompile>
    <ClCompile Include="D:\dev\boost\libs\serialization\src\binary_wiarchive.cpp">
      <Filter>Source Files</Filter>
    </ClCompile>
    <ClCompile Include="D:\dev\boost\libs\serialization\src\binary_woarchive.cpp">
      <Filter>Source Files</Filter>
    </ClCompile>
    <ClCompile Include="D:\dev\boost\libs\serialization\src\polymorphic_text_wiarchive.cpp">
      <Filter>Source Files</Filter>
    </ClCompile>
    <ClCompile Include="D:\dev\boost\libs\serialization\src\polymorphic_text_woarchive.cpp">
      <Filter>Source Files</Filter>
    </ClCompile>
    <ClCompile Include="D:\dev\boost\libs\serialization\src\polymorphic_xml_wiarchive.cpp">
      <Filter>Source Files</Filter>
    </ClCompile>
    <ClCompile Include="D:\dev\boost\libs\serialization\src\polymorphic_xml_woarchive.cpp">
      <Filter>Source Files</Filter>
    </ClCompile>
    <ClCompile Include="D:\dev\boost\libs\serialization\src\text_wiarchive.cpp">
      <Filter>Source Files</Filter>
    </ClCompile>
    <ClCompile Include="D:\dev\boost\libs\serialization\src\text_woarchive.cpp">
      <Filter>Source Files</Filter>
    </ClCompile>
    <ClCompile Include="D:\dev\boost\libs\serialization\src\xml_wgrammar.cpp">
      <Filter>Source Files</Filter>
    </ClCompile>
    <ClCompile Include="D:\dev\boost\libs\serialization\src\xml_wiarchive.cpp">
      <Filter>Source Files</Filter>
    </ClCompile>
    <ClCompile Include="D:\dev\boost\libs\serialization\src\xml_woarchive.cpp">
      <Filter>Source Files</Filter>
    </ClCompile>
  </ItemGroup>
  <ItemGroup>
    <CustomBuild Include="D:\dev\boost\libs\serialization\CMakeLists.txt" />
  </ItemGroup>
  <ItemGroup>
    <Natvis Include="D:\dev\boost\libs\assert\extra\boost_assert.natvis" />
    <Natvis Include="D:\dev\boost\libs\unordered\extra\boost_unordered.natvis" />
  </ItemGroup>
  <ItemGroup>
    <Filter Include="Source Files">
      <UniqueIdentifier>{CB3EC703-03C0-3D52-996D-1BC2C2B45D6F}</UniqueIdentifier>
    </Filter>
  </ItemGroup>
</Project>
