<?xml version="1.0" encoding="utf-8"?>
<Project ToolsVersion="18.0" xmlns="http://schemas.microsoft.com/developer/msbuild/2003">
  <ItemGroup>
    <CustomBuild Include="D:\dev\boost\libs\unordered\CMakeLists.txt" />
  </ItemGroup>
  <ItemGroup>
    <Natvis Include="D:\dev\boost\libs\unordered\extra\boost_unordered.natvis">
      <Filter>extra</Filter>
    </Natvis>
  </ItemGroup>
  <ItemGroup>
    <None Include="D:\dev\boost\libs\unordered\include\boost\unordered\concurrent_flat_map.hpp">
      <Filter>include\boost\unordered</Filter>
    </None>
    <None Include="D:\dev\boost\libs\unordered\include\boost\unordered\concurrent_flat_map_fwd.hpp">
      <Filter>include\boost\unordered</Filter>
    </None>
    <None Include="D:\dev\boost\libs\unordered\include\boost\unordered\concurrent_flat_set.hpp">
      <Filter>include\boost\unordered</Filter>
    </None>
    <None Include="D:\dev\boost\libs\unordered\include\boost\unordered\concurrent_flat_set_fwd.hpp">
      <Filter>include\boost\unordered</Filter>
    </None>
    <None Include="D:\dev\boost\libs\unordered\include\boost\unordered\concurrent_node_map.hpp">
      <Filter>include\boost\unordered</Filter>
    </None>
    <None Include="D:\dev\boost\libs\unordered\include\boost\unordered\concurrent_node_map_fwd.hpp">
      <Filter>include\boost\unordered</Filter>
    </None>
    <None Include="D:\dev\boost\libs\unordered\include\boost\unordered\concurrent_node_set.hpp">
      <Filter>include\boost\unordered</Filter>
    </None>
    <None Include="D:\dev\boost\libs\unordered\include\boost\unordered\concurrent_node_set_fwd.hpp">
      <Filter>include\boost\unordered</Filter>
    </None>
    <None Include="D:\dev\boost\libs\unordered\include\boost\unordered\detail\allocator_constructed.hpp">
      <Filter>include\boost\unordered\detail</Filter>
    </None>
    <None Include="D:\dev\boost\libs\unordered\include\boost\unordered\detail\archive_constructed.hpp">
      <Filter>include\boost\unordered\detail</Filter>
    </None>
    <None Include="D:\dev\boost\libs\unordered\include\boost\unordered\detail\bad_archive_exception.hpp">
      <Filter>include\boost\unordered\detail</Filter>
    </None>
    <None Include="D:\dev\boost\libs\unordered\include\boost\unordered\detail\concurrent_static_asserts.hpp">
      <Filter>include\boost\unordered\detail</Filter>
    </None>
    <None Include="D:\dev\boost\libs\unordered\include\boost\unordered\detail\fca.hpp">
      <Filter>include\boost\unordered\detail</Filter>
    </None>
    <None Include="D:\dev\boost\libs\unordered\include\boost\unordered\detail\foa\concurrent_table.hpp">
      <Filter>include\boost\unordered\detail\foa</Filter>
    </None>
    <None Include="D:\dev\boost\libs\unordered\include\boost\unordered\detail\foa\core.hpp">
      <Filter>include\boost\unordered\detail\foa</Filter>
    </None>
    <None Include="D:\dev\boost\libs\unordered\include\boost\unordered\detail\foa\cumulative_stats.hpp">
      <Filter>include\boost\unordered\detail\foa</Filter>
    </None>
    <None Include="D:\dev\boost\libs\unordered\include\boost\unordered\detail\foa\element_type.hpp">
      <Filter>include\boost\unordered\detail\foa</Filter>
    </None>
    <None Include="D:\dev\boost\libs\unordered\include\boost\unordered\detail\foa\flat_map_types.hpp">
      <Filter>include\boost\unordered\detail\foa</Filter>
    </None>
    <None Include="D:\dev\boost\libs\unordered\include\boost\unordered\detail\foa\flat_set_types.hpp">
      <Filter>include\boost\unordered\detail\foa</Filter>
    </None>
    <None Include="D:\dev\boost\libs\unordered\include\boost\unordered\detail\foa\ignore_wshadow.hpp">
      <Filter>include\boost\unordered\detail\foa</Filter>
    </None>
    <None Include="D:\dev\boost\libs\unordered\include\boost\unordered\detail\foa\node_handle.hpp">
      <Filter>include\boost\unordered\detail\foa</Filter>
    </None>
    <None Include="D:\dev\boost\libs\unordered\include\boost\unordered\detail\foa\node_map_handle.hpp">
      <Filter>include\boost\unordered\detail\foa</Filter>
    </None>
    <None Include="D:\dev\boost\libs\unordered\include\boost\unordered\detail\foa\node_map_types.hpp">
      <Filter>include\boost\unordered\detail\foa</Filter>
    </None>
    <None Include="D:\dev\boost\libs\unordered\include\boost\unordered\detail\foa\node_set_handle.hpp">
      <Filter>include\boost\unordered\detail\foa</Filter>
    </None>
    <None Include="D:\dev\boost\libs\unordered\include\boost\unordered\detail\foa\node_set_types.hpp">
      <Filter>include\boost\unordered\detail\foa</Filter>
    </None>
    <None Include="D:\dev\boost\libs\unordered\include\boost\unordered\detail\foa\reentrancy_check.hpp">
      <Filter>include\boost\unordered\detail\foa</Filter>
    </None>
    <None Include="D:\dev\boost\libs\unordered\include\boost\unordered\detail\foa\restore_wshadow.hpp">
      <Filter>include\boost\unordered\detail\foa</Filter>
    </None>
    <None Include="D:\dev\boost\libs\unordered\include\boost\unordered\detail\foa\rw_spinlock.hpp">
      <Filter>include\boost\unordered\detail\foa</Filter>
    </None>
    <None Include="D:\dev\boost\libs\unordered\include\boost\unordered\detail\foa\table.hpp">
      <Filter>include\boost\unordered\detail\foa</Filter>
    </None>
    <None Include="D:\dev\boost\libs\unordered\include\boost\unordered\detail\foa\tuple_rotate_right.hpp">
      <Filter>include\boost\unordered\detail\foa</Filter>
    </None>
    <None Include="D:\dev\boost\libs\unordered\include\boost\unordered\detail\foa\types_constructibility.hpp">
      <Filter>include\boost\unordered\detail\foa</Filter>
    </None>
    <None Include="D:\dev\boost\libs\unordered\include\boost\unordered\detail\implementation.hpp">
      <Filter>include\boost\unordered\detail</Filter>
    </None>
    <None Include="D:\dev\boost\libs\unordered\include\boost\unordered\detail\map.hpp">
      <Filter>include\boost\unordered\detail</Filter>
    </None>
    <None Include="D:\dev\boost\libs\unordered\include\boost\unordered\detail\mulx.hpp">
      <Filter>include\boost\unordered\detail</Filter>
    </None>
    <None Include="D:\dev\boost\libs\unordered\include\boost\unordered\detail\narrow_cast.hpp">
      <Filter>include\boost\unordered\detail</Filter>
    </None>
    <None Include="D:\dev\boost\libs\unordered\include\boost\unordered\detail\opt_storage.hpp">
      <Filter>include\boost\unordered\detail</Filter>
    </None>
    <None Include="D:\dev\boost\libs\unordered\include\boost\unordered\detail\prime_fmod.hpp">
      <Filter>include\boost\unordered\detail</Filter>
    </None>
    <None Include="D:\dev\boost\libs\unordered\include\boost\unordered\detail\serialization_version.hpp">
      <Filter>include\boost\unordered\detail</Filter>
    </None>
    <None Include="D:\dev\boost\libs\unordered\include\boost\unordered\detail\serialize_container.hpp">
      <Filter>include\boost\unordered\detail</Filter>
    </None>
    <None Include="D:\dev\boost\libs\unordered\include\boost\unordered\detail\serialize_fca_container.hpp">
      <Filter>include\boost\unordered\detail</Filter>
    </None>
    <None Include="D:\dev\boost\libs\unordered\include\boost\unordered\detail\serialize_tracked_address.hpp">
      <Filter>include\boost\unordered\detail</Filter>
    </None>
    <None Include="D:\dev\boost\libs\unordered\include\boost\unordered\detail\set.hpp">
      <Filter>include\boost\unordered\detail</Filter>
    </None>
    <None Include="D:\dev\boost\libs\unordered\include\boost\unordered\detail\static_assert.hpp">
      <Filter>include\boost\unordered\detail</Filter>
    </None>
    <None Include="D:\dev\boost\libs\unordered\include\boost\unordered\detail\throw_exception.hpp">
      <Filter>include\boost\unordered\detail</Filter>
    </None>
    <None Include="D:\dev\boost\libs\unordered\include\boost\unordered\detail\type_traits.hpp">
      <Filter>include\boost\unordered\detail</Filter>
    </None>
    <None Include="D:\dev\boost\libs\unordered\include\boost\unordered\detail\unordered_printers.hpp">
      <Filter>include\boost\unordered\detail</Filter>
    </None>
    <None Include="D:\dev\boost\libs\unordered\include\boost\unordered\detail\xmx.hpp">
      <Filter>include\boost\unordered\detail</Filter>
    </None>
    <None Include="D:\dev\boost\libs\unordered\include\boost\unordered\hash_traits.hpp">
      <Filter>include\boost\unordered</Filter>
    </None>
    <None Include="D:\dev\boost\libs\unordered\include\boost\unordered\unordered_flat_map.hpp">
      <Filter>include\boost\unordered</Filter>
    </None>
    <None Include="D:\dev\boost\libs\unordered\include\boost\unordered\unordered_flat_map_fwd.hpp">
      <Filter>include\boost\unordered</Filter>
    </None>
    <None Include="D:\dev\boost\libs\unordered\include\boost\unordered\unordered_flat_set.hpp">
      <Filter>include\boost\unordered</Filter>
    </None>
    <None Include="D:\dev\boost\libs\unordered\include\boost\unordered\unordered_flat_set_fwd.hpp">
      <Filter>include\boost\unordered</Filter>
    </None>
    <None Include="D:\dev\boost\libs\unordered\include\boost\unordered\unordered_map.hpp">
      <Filter>include\boost\unordered</Filter>
    </None>
    <None Include="D:\dev\boost\libs\unordered\include\boost\unordered\unordered_map_fwd.hpp">
      <Filter>include\boost\unordered</Filter>
    </None>
    <None Include="D:\dev\boost\libs\unordered\include\boost\unordered\unordered_node_map.hpp">
      <Filter>include\boost\unordered</Filter>
    </None>
    <None Include="D:\dev\boost\libs\unordered\include\boost\unordered\unordered_node_map_fwd.hpp">
      <Filter>include\boost\unordered</Filter>
    </None>
    <None Include="D:\dev\boost\libs\unordered\include\boost\unordered\unordered_node_set.hpp">
      <Filter>include\boost\unordered</Filter>
    </None>
    <None Include="D:\dev\boost\libs\unordered\include\boost\unordered\unordered_node_set_fwd.hpp">
      <Filter>include\boost\unordered</Filter>
    </None>
    <None Include="D:\dev\boost\libs\unordered\include\boost\unordered\unordered_set.hpp">
      <Filter>include\boost\unordered</Filter>
    </None>
    <None Include="D:\dev\boost\libs\unordered\include\boost\unordered\unordered_set_fwd.hpp">
      <Filter>include\boost\unordered</Filter>
    </None>
    <None Include="D:\dev\boost\libs\unordered\include\boost\unordered_map.hpp">
      <Filter>include\boost</Filter>
    </None>
    <None Include="D:\dev\boost\libs\unordered\include\boost\unordered_set.hpp">
      <Filter>include\boost</Filter>
    </None>
  </ItemGroup>
  <ItemGroup>
    <Filter Include="extra">
      <UniqueIdentifier>{B9CC3170-BE05-3E30-84ED-B716E6CC977D}</UniqueIdentifier>
    </Filter>
    <Filter Include="include">
      <UniqueIdentifier>{DF746590-7E26-33A6-B473-83E62D9A5657}</UniqueIdentifier>
    </Filter>
    <Filter Include="include\boost">
      <UniqueIdentifier>{CEC1732C-A38E-32B9-BB87-E959EFA23CEB}</UniqueIdentifier>
    </Filter>
    <Filter Include="include\boost\unordered">
      <UniqueIdentifier>{20213648-63F6-3356-A8CC-E69F3598E81E}</UniqueIdentifier>
    </Filter>
    <Filter Include="include\boost\unordered\detail">
      <UniqueIdentifier>{9E671DA0-C8BD-32A6-B8D8-89459C643F6E}</UniqueIdentifier>
    </Filter>
    <Filter Include="include\boost\unordered\detail\foa">
      <UniqueIdentifier>{6F19B6AB-D0B4-342B-80D7-18F85242C1D7}</UniqueIdentifier>
    </Filter>
  </ItemGroup>
</Project>
